
Microsoft Visual Studio Solution File, Format Version 12.00
# Visual Studio Version 17
VisualStudioVersion = 17.5.002.0
MinimumVisualStudioVersion = 10.0.40219.1
Project("{9A19103F-16F7-4668-BE54-9A1E7A4F7556}") = "CategoriasMvc", "CategoriasMvc.csproj", "{57174CBF-9A28-4ECE-9537-8005FAE743F7}"
EndProject
Global
	GlobalSection(SolutionConfigurationPlatforms) = preSolution
		Debug|Any CPU = Debug|Any CPU
		Release|Any CPU = Release|Any CPU
	EndGlobalSection
	GlobalSection(ProjectConfigurationPlatforms) = postSolution
		{57174CBF-9A28-4ECE-9537-8005FAE743F7}.Debug|Any CPU.ActiveCfg = Debug|Any CPU
		{57174CBF-9A28-4ECE-9537-8005FAE743F7}.Debug|Any CPU.Build.0 = Debug|Any CPU
		{57174CBF-9A28-4ECE-9537-8005FAE743F7}.Release|Any CPU.ActiveCfg = Release|Any CPU
		{57174CBF-9A28-4ECE-9537-8005FAE743F7}.Release|Any CPU.Build.0 = Release|Any CPU
	EndGlobalSection
	GlobalSection(SolutionProperties) = preSolution
		HideSolutionNode = FALSE
	EndGlobalSection
	GlobalSection(ExtensibilityGlobals) = postSolution
		SolutionGuid = {84FA3A73-2818-40E4-95D2-782D3FA8396D}
	EndGlobalSection
EndGlobal
