
Microsoft Visual Studio Solution File, Format Version 12.00
# Visual Studio Version 17
VisualStudioVersion = 17.5.002.0
MinimumVisualStudioVersion = 10.0.40219.1
Project("{9A19103F-16F7-4668-BE54-9A1E7A4F7556}") = "ApiCatalogo", "ApiCatalogo.csproj", "{036A254E-DDA0-44A6-A986-D170BB4C1DC2}"
EndProject
Global
	GlobalSection(SolutionConfigurationPlatforms) = preSolution
		Debug|Any CPU = Debug|Any CPU
		Release|Any CPU = Release|Any CPU
	EndGlobalSection
	GlobalSection(ProjectConfigurationPlatforms) = postSolution
		{036A254E-DDA0-44A6-A986-D170BB4C1DC2}.Debug|Any CPU.ActiveCfg = Debug|Any CPU
		{036A254E-DDA0-44A6-A986-D170BB4C1DC2}.Debug|Any CPU.Build.0 = Debug|Any CPU
		{036A254E-DDA0-44A6-A986-D170BB4C1DC2}.Release|Any CPU.ActiveCfg = Release|Any CPU
		{036A254E-DDA0-44A6-A986-D170BB4C1DC2}.Release|Any CPU.Build.0 = Release|Any CPU
	EndGlobalSection
	GlobalSection(SolutionProperties) = preSolution
		HideSolutionNode = FALSE
	EndGlobalSection
	GlobalSection(ExtensibilityGlobals) = postSolution
		SolutionGuid = {78E5E8B2-8E1D-4663-B92B-F0564E18449B}
	EndGlobalSection
EndGlobal
