
Microsoft Visual Studio Solution File, Format Version 12.00
# Visual Studio Version 17
VisualStudioVersion = 17.5.002.0
MinimumVisualStudioVersion = 10.0.40219.1
Project("{9A19103F-16F7-4668-BE54-9A1E7A4F7556}") = "ApiCatalogo", "ApiCatalogo.csproj", "{F5AB0AE4-D994-453D-A76D-66373E8A9334}"
EndProject
Global
	GlobalSection(SolutionConfigurationPlatforms) = preSolution
		Debug|Any CPU = Debug|Any CPU
		Release|Any CPU = Release|Any CPU
	EndGlobalSection
	GlobalSection(ProjectConfigurationPlatforms) = postSolution
		{F5AB0AE4-D994-453D-A76D-66373E8A9334}.Debug|Any CPU.ActiveCfg = Debug|Any CPU
		{F5AB0AE4-D994-453D-A76D-66373E8A9334}.Debug|Any CPU.Build.0 = Debug|Any CPU
		{F5AB0AE4-D994-453D-A76D-66373E8A9334}.Release|Any CPU.ActiveCfg = Release|Any CPU
		{F5AB0AE4-D994-453D-A76D-66373E8A9334}.Release|Any CPU.Build.0 = Release|Any CPU
	EndGlobalSection
	GlobalSection(SolutionProperties) = preSolution
		HideSolutionNode = FALSE
	EndGlobalSection
	GlobalSection(ExtensibilityGlobals) = postSolution
		SolutionGuid = {01970511-3844-4D0F-9BF7-F80B9D359DB1}
	EndGlobalSection
EndGlobal
